
Microsoft Visual Studio Solution File, Format Version 12.00
# Visual Studio Version 16
VisualStudioVersion = 16.0.30523.141
MinimumVisualStudioVersion = 10.0.40219.1
Project("{9A19103F-16F7-4668-BE54-9A1E7A4F7556}") = "MendozaP4DeprecCalc.Server", "Server\MendozaP4DeprecCalc.Server.csproj", "{F54A8B49-9FAE-4749-9C23-4195E7CB7B7C}"
EndProject
Project("{9A19103F-16F7-4668-BE54-9A1E7A4F7556}") = "MendozaP4DeprecCalc.Client", "Client\MendozaP4DeprecCalc.Client.csproj", "{F8413DEA-39DB-4E2D-ADD1-2BD655FA5551}"
EndProject
Project("{9A19103F-16F7-4668-BE54-9A1E7A4F7556}") = "MendozaP4DeprecCalc.Shared", "Shared\MendozaP4DeprecCalc.Shared.csproj", "{A162EF77-AD58-470A-96A0-86FE6E32E1BB}"
EndProject
Global
	GlobalSection(SolutionConfigurationPlatforms) = preSolution
		Debug|Any CPU = Debug|Any CPU
		Release|Any CPU = Release|Any CPU
	EndGlobalSection
	GlobalSection(ProjectConfigurationPlatforms) = postSolution
		{F54A8B49-9FAE-4749-9C23-4195E7CB7B7C}.Debug|Any CPU.ActiveCfg = Debug|Any CPU
		{F54A8B49-9FAE-4749-9C23-4195E7CB7B7C}.Debug|Any CPU.Build.0 = Debug|Any CPU
		{F54A8B49-9FAE-4749-9C23-4195E7CB7B7C}.Release|Any CPU.ActiveCfg = Release|Any CPU
		{F54A8B49-9FAE-4749-9C23-4195E7CB7B7C}.Release|Any CPU.Build.0 = Release|Any CPU
		{F8413DEA-39DB-4E2D-ADD1-2BD655FA5551}.Debug|Any CPU.ActiveCfg = Debug|Any CPU
		{F8413DEA-39DB-4E2D-ADD1-2BD655FA5551}.Debug|Any CPU.Build.0 = Debug|Any CPU
		{F8413DEA-39DB-4E2D-ADD1-2BD655FA5551}.Release|Any CPU.ActiveCfg = Release|Any CPU
		{F8413DEA-39DB-4E2D-ADD1-2BD655FA5551}.Release|Any CPU.Build.0 = Release|Any CPU
		{A162EF77-AD58-470A-96A0-86FE6E32E1BB}.Debug|Any CPU.ActiveCfg = Debug|Any CPU
		{A162EF77-AD58-470A-96A0-86FE6E32E1BB}.Debug|Any CPU.Build.0 = Debug|Any CPU
		{A162EF77-AD58-470A-96A0-86FE6E32E1BB}.Release|Any CPU.ActiveCfg = Release|Any CPU
		{A162EF77-AD58-470A-96A0-86FE6E32E1BB}.Release|Any CPU.Build.0 = Release|Any CPU
	EndGlobalSection
	GlobalSection(SolutionProperties) = preSolution
		HideSolutionNode = FALSE
	EndGlobalSection
	GlobalSection(ExtensibilityGlobals) = postSolution
		SolutionGuid = {218AD4D5-FBC9-46B6-A400-04DF0D587F33}
	EndGlobalSection
EndGlobal
